<?xml version="1.0" encoding="utf-8"?>
<Project ToolsVersion="16.0" xmlns="http://schemas.microsoft.com/developer/msbuild/2003">
  <ItemGroup>
    <CustomBuild Include="D:\Lukas\Documents\GitHub\GC_OpenGL_Projekt\output\CMakeFiles\a221881868b132a95f91ac4c241faf43\INSTALL_force.rule">
      <Filter>CMake Rules</Filter>
    </CustomBuild>
  </ItemGroup>
  <ItemGroup>
    <Filter Include="CMake Rules">
      <UniqueIdentifier>{C8E8B51A-41C6-313C-A929-9FE0682896C4}</UniqueIdentifier>
    </Filter>
  </ItemGroup>
</Project>
