
Microsoft Visual Studio Solution File, Format Version 12.00
# Visual Studio Version 16
Project("{2150E333-8FDC-42A3-9474-1A3956D46DE8}") = "CMakePredefinedTargets", "CMakePredefinedTargets", "{E5CE672C-C457-38A5-9C98-148DE540C87C}"
EndProject
Project("{2150E333-8FDC-42A3-9474-1A3956D46DE8}") = "GLFW3", "GLFW3", "{8FBAB25A-FAA4-35C4-A83C-9C1C30305719}"
EndProject
Project("{2150E333-8FDC-42A3-9474-1A3956D46DE8}") = "Examples", "GLFW3\Examples", "{A5EEC357-BCE5-3F86-BB2A-E7AE1D38F59F}"
EndProject
Project("{2150E333-8FDC-42A3-9474-1A3956D46DE8}") = "Tests", "GLFW3\Tests", "{BA7F7413-08B4-318F-8B68-5147C7DEA79F}"
EndProject
Project("{8BC9CEB8-8B4A-11D0-8D11-00A0C91BC942}") = "ALL_BUILD", "ALL_BUILD.vcxproj", "{1CC12A43-6347-3CCD-9AE0-049406A2A79A}"
	ProjectSection(ProjectDependencies) = postProject
		{D6C92D4D-68A0-381A-80EF-0EB7BF2CEA8F} = {D6C92D4D-68A0-381A-80EF-0EB7BF2CEA8F}
		{40FD26F6-90DE-378B-B273-963E26F0171E} = {40FD26F6-90DE-378B-B273-963E26F0171E}
		{05AD9F75-CC87-3E3A-8426-AD1D281B1B24} = {05AD9F75-CC87-3E3A-8426-AD1D281B1B24}
		{9D765180-6AFB-3878-BEF1-0035C3CDC6FB} = {9D765180-6AFB-3878-BEF1-0035C3CDC6FB}
		{0E728D19-A435-3B31-BB99-7976F86B5332} = {0E728D19-A435-3B31-BB99-7976F86B5332}
		{2EB0B4AE-174F-37B0-AF48-B63E70775D3A} = {2EB0B4AE-174F-37B0-AF48-B63E70775D3A}
		{70728745-EB76-3E77-9656-6BA74CFC8441} = {70728745-EB76-3E77-9656-6BA74CFC8441}
		{39117C98-7C9A-31F2-8985-133EEF092A88} = {39117C98-7C9A-31F2-8985-133EEF092A88}
		{60C4B3C1-A3ED-30B8-84CC-262C5C5AA4B1} = {60C4B3C1-A3ED-30B8-84CC-262C5C5AA4B1}
		{4F71BA5F-307D-3297-B3A5-2FF348386BBD} = {4F71BA5F-307D-3297-B3A5-2FF348386BBD}
		{ECD1D86B-D8B6-31BE-9513-AA7BDE4764B4} = {ECD1D86B-D8B6-31BE-9513-AA7BDE4764B4}
		{5E4DB7DD-5E61-3348-81FD-CC6F44D096C7} = {5E4DB7DD-5E61-3348-81FD-CC6F44D096C7}
		{51096BEC-31F1-3D95-AF58-B99126931DB0} = {51096BEC-31F1-3D95-AF58-B99126931DB0}
		{E69B6904-20FB-3641-942D-90B8FF1599CC} = {E69B6904-20FB-3641-942D-90B8FF1599CC}
		{CA9CE272-5560-378E-BA8A-943988A4DC72} = {CA9CE272-5560-378E-BA8A-943988A4DC72}
		{CEE249B0-FED8-3EE1-B5D5-BC60548F74B7} = {CEE249B0-FED8-3EE1-B5D5-BC60548F74B7}
		{52F290DA-859D-3390-8C75-313A8BC64C1E} = {52F290DA-859D-3390-8C75-313A8BC64C1E}
		{4E6A2A7F-B827-3DE6-8727-ECEB2D218C3B} = {4E6A2A7F-B827-3DE6-8727-ECEB2D218C3B}
		{0990891E-0882-3D95-B294-4197541795FF} = {0990891E-0882-3D95-B294-4197541795FF}
		{E1732C8F-DFD7-30EE-88A4-4102ED4296BA} = {E1732C8F-DFD7-30EE-88A4-4102ED4296BA}
		{ED3859F6-0834-3D13-93A0-AFA0761E9488} = {ED3859F6-0834-3D13-93A0-AFA0761E9488}
		{06E17C7B-4DF2-304B-991E-A2AE42F2D995} = {06E17C7B-4DF2-304B-991E-A2AE42F2D995}
		{EF0AC760-E9B3-319D-ABA5-35398C36A0B8} = {EF0AC760-E9B3-319D-ABA5-35398C36A0B8}
		{7BE8D456-E9AB-3EF1-AB3D-CF1ED588E8E2} = {7BE8D456-E9AB-3EF1-AB3D-CF1ED588E8E2}
		{318FCCC8-031A-3743-B692-C60D64C96993} = {318FCCC8-031A-3743-B692-C60D64C96993}
		{F61F8540-8634-3C75-A0D2-90EB6D1DAAF6} = {F61F8540-8634-3C75-A0D2-90EB6D1DAAF6}
		{6EBD2886-385B-3305-8E30-D211FD461296} = {6EBD2886-385B-3305-8E30-D211FD461296}
	EndProjectSection
EndProject
Project("{8BC9CEB8-8B4A-11D0-8D11-00A0C91BC942}") = "GLEW_1130", "external\GLEW_1130.vcxproj", "{D6C92D4D-68A0-381A-80EF-0EB7BF2CEA8F}"
	ProjectSection(ProjectDependencies) = postProject
		{40FD26F6-90DE-378B-B273-963E26F0171E} = {40FD26F6-90DE-378B-B273-963E26F0171E}
	EndProjectSection
EndProject
Project("{8BC9CEB8-8B4A-11D0-8D11-00A0C91BC942}") = "INSTALL", "INSTALL.vcxproj", "{584BE4B0-6E13-3172-A064-7CACF975832A}"
	ProjectSection(ProjectDependencies) = postProject
		{1CC12A43-6347-3CCD-9AE0-049406A2A79A} = {1CC12A43-6347-3CCD-9AE0-049406A2A79A}
		{40FD26F6-90DE-378B-B273-963E26F0171E} = {40FD26F6-90DE-378B-B273-963E26F0171E}
	EndProjectSection
EndProject
Project("{8BC9CEB8-8B4A-11D0-8D11-00A0C91BC942}") = "ZERO_CHECK", "ZERO_CHECK.vcxproj", "{40FD26F6-90DE-378B-B273-963E26F0171E}"
	ProjectSection(ProjectDependencies) = postProject
	EndProjectSection
EndProject
Project("{8BC9CEB8-8B4A-11D0-8D11-00A0C91BC942}") = "boing", "external\glfw-3.1.2\examples\boing.vcxproj", "{05AD9F75-CC87-3E3A-8426-AD1D281B1B24}"
	ProjectSection(ProjectDependencies) = postProject
		{40FD26F6-90DE-378B-B273-963E26F0171E} = {40FD26F6-90DE-378B-B273-963E26F0171E}
		{4F71BA5F-307D-3297-B3A5-2FF348386BBD} = {4F71BA5F-307D-3297-B3A5-2FF348386BBD}
	EndProjectSection
EndProject
Project("{8BC9CEB8-8B4A-11D0-8D11-00A0C91BC942}") = "clipboard", "external\glfw-3.1.2\tests\clipboard.vcxproj", "{9D765180-6AFB-3878-BEF1-0035C3CDC6FB}"
	ProjectSection(ProjectDependencies) = postProject
		{40FD26F6-90DE-378B-B273-963E26F0171E} = {40FD26F6-90DE-378B-B273-963E26F0171E}
		{4F71BA5F-307D-3297-B3A5-2FF348386BBD} = {4F71BA5F-307D-3297-B3A5-2FF348386BBD}
	EndProjectSection
EndProject
Project("{8BC9CEB8-8B4A-11D0-8D11-00A0C91BC942}") = "cursor", "external\glfw-3.1.2\tests\cursor.vcxproj", "{0E728D19-A435-3B31-BB99-7976F86B5332}"
	ProjectSection(ProjectDependencies) = postProject
		{40FD26F6-90DE-378B-B273-963E26F0171E} = {40FD26F6-90DE-378B-B273-963E26F0171E}
		{4F71BA5F-307D-3297-B3A5-2FF348386BBD} = {4F71BA5F-307D-3297-B3A5-2FF348386BBD}
	EndProjectSection
EndProject
Project("{8BC9CEB8-8B4A-11D0-8D11-00A0C91BC942}") = "empty", "external\glfw-3.1.2\tests\empty.vcxproj", "{2EB0B4AE-174F-37B0-AF48-B63E70775D3A}"
	ProjectSection(ProjectDependencies) = postProject
		{40FD26F6-90DE-378B-B273-963E26F0171E} = {40FD26F6-90DE-378B-B273-963E26F0171E}
		{4F71BA5F-307D-3297-B3A5-2FF348386BBD} = {4F71BA5F-307D-3297-B3A5-2FF348386BBD}
	EndProjectSection
EndProject
Project("{8BC9CEB8-8B4A-11D0-8D11-00A0C91BC942}") = "events", "external\glfw-3.1.2\tests\events.vcxproj", "{70728745-EB76-3E77-9656-6BA74CFC8441}"
	ProjectSection(ProjectDependencies) = postProject
		{40FD26F6-90DE-378B-B273-963E26F0171E} = {40FD26F6-90DE-378B-B273-963E26F0171E}
		{4F71BA5F-307D-3297-B3A5-2FF348386BBD} = {4F71BA5F-307D-3297-B3A5-2FF348386BBD}
	EndProjectSection
EndProject
Project("{8BC9CEB8-8B4A-11D0-8D11-00A0C91BC942}") = "gamma", "external\glfw-3.1.2\tests\gamma.vcxproj", "{39117C98-7C9A-31F2-8985-133EEF092A88}"
	ProjectSection(ProjectDependencies) = postProject
		{40FD26F6-90DE-378B-B273-963E26F0171E} = {40FD26F6-90DE-378B-B273-963E26F0171E}
		{4F71BA5F-307D-3297-B3A5-2FF348386BBD} = {4F71BA5F-307D-3297-B3A5-2FF348386BBD}
	EndProjectSection
EndProject
Project("{8BC9CEB8-8B4A-11D0-8D11-00A0C91BC942}") = "gears", "external\glfw-3.1.2\examples\gears.vcxproj", "{60C4B3C1-A3ED-30B8-84CC-262C5C5AA4B1}"
	ProjectSection(ProjectDependencies) = postProject
		{40FD26F6-90DE-378B-B273-963E26F0171E} = {40FD26F6-90DE-378B-B273-963E26F0171E}
		{4F71BA5F-307D-3297-B3A5-2FF348386BBD} = {4F71BA5F-307D-3297-B3A5-2FF348386BBD}
	EndProjectSection
EndProject
Project("{8BC9CEB8-8B4A-11D0-8D11-00A0C91BC942}") = "glfw", "external\glfw-3.1.2\src\glfw.vcxproj", "{4F71BA5F-307D-3297-B3A5-2FF348386BBD}"
	ProjectSection(ProjectDependencies) = postProject
		{40FD26F6-90DE-378B-B273-963E26F0171E} = {40FD26F6-90DE-378B-B273-963E26F0171E}
	EndProjectSection
EndProject
Project("{8BC9CEB8-8B4A-11D0-8D11-00A0C91BC942}") = "glfwinfo", "external\glfw-3.1.2\tests\glfwinfo.vcxproj", "{ECD1D86B-D8B6-31BE-9513-AA7BDE4764B4}"
	ProjectSection(ProjectDependencies) = postProject
		{40FD26F6-90DE-378B-B273-963E26F0171E} = {40FD26F6-90DE-378B-B273-963E26F0171E}
		{4F71BA5F-307D-3297-B3A5-2FF348386BBD} = {4F71BA5F-307D-3297-B3A5-2FF348386BBD}
	EndProjectSection
EndProject
Project("{8BC9CEB8-8B4A-11D0-8D11-00A0C91BC942}") = "heightmap", "external\glfw-3.1.2\examples\heightmap.vcxproj", "{5E4DB7DD-5E61-3348-81FD-CC6F44D096C7}"
	ProjectSection(ProjectDependencies) = postProject
		{40FD26F6-90DE-378B-B273-963E26F0171E} = {40FD26F6-90DE-378B-B273-963E26F0171E}
		{4F71BA5F-307D-3297-B3A5-2FF348386BBD} = {4F71BA5F-307D-3297-B3A5-2FF348386BBD}
	EndProjectSection
EndProject
Project("{8BC9CEB8-8B4A-11D0-8D11-00A0C91BC942}") = "iconify", "external\glfw-3.1.2\tests\iconify.vcxproj", "{51096BEC-31F1-3D95-AF58-B99126931DB0}"
	ProjectSection(ProjectDependencies) = postProject
		{40FD26F6-90DE-378B-B273-963E26F0171E} = {40FD26F6-90DE-378B-B273-963E26F0171E}
		{4F71BA5F-307D-3297-B3A5-2FF348386BBD} = {4F71BA5F-307D-3297-B3A5-2FF348386BBD}
	EndProjectSection
EndProject
Project("{8BC9CEB8-8B4A-11D0-8D11-00A0C91BC942}") = "joysticks", "external\glfw-3.1.2\tests\joysticks.vcxproj", "{E69B6904-20FB-3641-942D-90B8FF1599CC}"
	ProjectSection(ProjectDependencies) = postProject
		{40FD26F6-90DE-378B-B273-963E26F0171E} = {40FD26F6-90DE-378B-B273-963E26F0171E}
		{4F71BA5F-307D-3297-B3A5-2FF348386BBD} = {4F71BA5F-307D-3297-B3A5-2FF348386BBD}
	EndProjectSection
EndProject
Project("{8BC9CEB8-8B4A-11D0-8D11-00A0C91BC942}") = "monitors", "external\glfw-3.1.2\tests\monitors.vcxproj", "{CA9CE272-5560-378E-BA8A-943988A4DC72}"
	ProjectSection(ProjectDependencies) = postProject
		{40FD26F6-90DE-378B-B273-963E26F0171E} = {40FD26F6-90DE-378B-B273-963E26F0171E}
		{4F71BA5F-307D-3297-B3A5-2FF348386BBD} = {4F71BA5F-307D-3297-B3A5-2FF348386BBD}
	EndProjectSection
EndProject
Project("{8BC9CEB8-8B4A-11D0-8D11-00A0C91BC942}") = "msaa", "external\glfw-3.1.2\tests\msaa.vcxproj", "{CEE249B0-FED8-3EE1-B5D5-BC60548F74B7}"
	ProjectSection(ProjectDependencies) = postProject
		{40FD26F6-90DE-378B-B273-963E26F0171E} = {40FD26F6-90DE-378B-B273-963E26F0171E}
		{4F71BA5F-307D-3297-B3A5-2FF348386BBD} = {4F71BA5F-307D-3297-B3A5-2FF348386BBD}
	EndProjectSection
EndProject
Project("{8BC9CEB8-8B4A-11D0-8D11-00A0C91BC942}") = "particles", "external\glfw-3.1.2\examples\particles.vcxproj", "{52F290DA-859D-3390-8C75-313A8BC64C1E}"
	ProjectSection(ProjectDependencies) = postProject
		{40FD26F6-90DE-378B-B273-963E26F0171E} = {40FD26F6-90DE-378B-B273-963E26F0171E}
		{4F71BA5F-307D-3297-B3A5-2FF348386BBD} = {4F71BA5F-307D-3297-B3A5-2FF348386BBD}
	EndProjectSection
EndProject
Project("{8BC9CEB8-8B4A-11D0-8D11-00A0C91BC942}") = "playground", "playground.vcxproj", "{4E6A2A7F-B827-3DE6-8727-ECEB2D218C3B}"
	ProjectSection(ProjectDependencies) = postProject
		{D6C92D4D-68A0-381A-80EF-0EB7BF2CEA8F} = {D6C92D4D-68A0-381A-80EF-0EB7BF2CEA8F}
		{40FD26F6-90DE-378B-B273-963E26F0171E} = {40FD26F6-90DE-378B-B273-963E26F0171E}
		{4F71BA5F-307D-3297-B3A5-2FF348386BBD} = {4F71BA5F-307D-3297-B3A5-2FF348386BBD}
	EndProjectSection
EndProject
Project("{8BC9CEB8-8B4A-11D0-8D11-00A0C91BC942}") = "reopen", "external\glfw-3.1.2\tests\reopen.vcxproj", "{0990891E-0882-3D95-B294-4197541795FF}"
	ProjectSection(ProjectDependencies) = postProject
		{40FD26F6-90DE-378B-B273-963E26F0171E} = {40FD26F6-90DE-378B-B273-963E26F0171E}
		{4F71BA5F-307D-3297-B3A5-2FF348386BBD} = {4F71BA5F-307D-3297-B3A5-2FF348386BBD}
	EndProjectSection
EndProject
Project("{8BC9CEB8-8B4A-11D0-8D11-00A0C91BC942}") = "sharing", "external\glfw-3.1.2\tests\sharing.vcxproj", "{E1732C8F-DFD7-30EE-88A4-4102ED4296BA}"
	ProjectSection(ProjectDependencies) = postProject
		{40FD26F6-90DE-378B-B273-963E26F0171E} = {40FD26F6-90DE-378B-B273-963E26F0171E}
		{4F71BA5F-307D-3297-B3A5-2FF348386BBD} = {4F71BA5F-307D-3297-B3A5-2FF348386BBD}
	EndProjectSection
EndProject
Project("{8BC9CEB8-8B4A-11D0-8D11-00A0C91BC942}") = "simple", "external\glfw-3.1.2\examples\simple.vcxproj", "{ED3859F6-0834-3D13-93A0-AFA0761E9488}"
	ProjectSection(ProjectDependencies) = postProject
		{40FD26F6-90DE-378B-B273-963E26F0171E} = {40FD26F6-90DE-378B-B273-963E26F0171E}
		{4F71BA5F-307D-3297-B3A5-2FF348386BBD} = {4F71BA5F-307D-3297-B3A5-2FF348386BBD}
	EndProjectSection
EndProject
Project("{8BC9CEB8-8B4A-11D0-8D11-00A0C91BC942}") = "splitview", "external\glfw-3.1.2\examples\splitview.vcxproj", "{06E17C7B-4DF2-304B-991E-A2AE42F2D995}"
	ProjectSection(ProjectDependencies) = postProject
		{40FD26F6-90DE-378B-B273-963E26F0171E} = {40FD26F6-90DE-378B-B273-963E26F0171E}
		{4F71BA5F-307D-3297-B3A5-2FF348386BBD} = {4F71BA5F-307D-3297-B3A5-2FF348386BBD}
	EndProjectSection
EndProject
Project("{8BC9CEB8-8B4A-11D0-8D11-00A0C91BC942}") = "tearing", "external\glfw-3.1.2\tests\tearing.vcxproj", "{EF0AC760-E9B3-319D-ABA5-35398C36A0B8}"
	ProjectSection(ProjectDependencies) = postProject
		{40FD26F6-90DE-378B-B273-963E26F0171E} = {40FD26F6-90DE-378B-B273-963E26F0171E}
		{4F71BA5F-307D-3297-B3A5-2FF348386BBD} = {4F71BA5F-307D-3297-B3A5-2FF348386BBD}
	EndProjectSection
EndProject
Project("{8BC9CEB8-8B4A-11D0-8D11-00A0C91BC942}") = "threads", "external\glfw-3.1.2\tests\threads.vcxproj", "{7BE8D456-E9AB-3EF1-AB3D-CF1ED588E8E2}"
	ProjectSection(ProjectDependencies) = postProject
		{40FD26F6-90DE-378B-B273-963E26F0171E} = {40FD26F6-90DE-378B-B273-963E26F0171E}
		{4F71BA5F-307D-3297-B3A5-2FF348386BBD} = {4F71BA5F-307D-3297-B3A5-2FF348386BBD}
	EndProjectSection
EndProject
Project("{8BC9CEB8-8B4A-11D0-8D11-00A0C91BC942}") = "title", "external\glfw-3.1.2\tests\title.vcxproj", "{318FCCC8-031A-3743-B692-C60D64C96993}"
	ProjectSection(ProjectDependencies) = postProject
		{40FD26F6-90DE-378B-B273-963E26F0171E} = {40FD26F6-90DE-378B-B273-963E26F0171E}
		{4F71BA5F-307D-3297-B3A5-2FF348386BBD} = {4F71BA5F-307D-3297-B3A5-2FF348386BBD}
	EndProjectSection
EndProject
Project("{8BC9CEB8-8B4A-11D0-8D11-00A0C91BC942}") = "uninstall", "external\glfw-3.1.2\uninstall.vcxproj", "{492E4091-5D62-34C5-8C97-CFF60CA0DC2C}"
	ProjectSection(ProjectDependencies) = postProject
		{40FD26F6-90DE-378B-B273-963E26F0171E} = {40FD26F6-90DE-378B-B273-963E26F0171E}
	EndProjectSection
EndProject
Project("{8BC9CEB8-8B4A-11D0-8D11-00A0C91BC942}") = "wave", "external\glfw-3.1.2\examples\wave.vcxproj", "{F61F8540-8634-3C75-A0D2-90EB6D1DAAF6}"
	ProjectSection(ProjectDependencies) = postProject
		{40FD26F6-90DE-378B-B273-963E26F0171E} = {40FD26F6-90DE-378B-B273-963E26F0171E}
		{4F71BA5F-307D-3297-B3A5-2FF348386BBD} = {4F71BA5F-307D-3297-B3A5-2FF348386BBD}
	EndProjectSection
EndProject
Project("{8BC9CEB8-8B4A-11D0-8D11-00A0C91BC942}") = "windows", "external\glfw-3.1.2\tests\windows.vcxproj", "{6EBD2886-385B-3305-8E30-D211FD461296}"
	ProjectSection(ProjectDependencies) = postProject
		{40FD26F6-90DE-378B-B273-963E26F0171E} = {40FD26F6-90DE-378B-B273-963E26F0171E}
		{4F71BA5F-307D-3297-B3A5-2FF348386BBD} = {4F71BA5F-307D-3297-B3A5-2FF348386BBD}
	EndProjectSection
EndProject
Global
	GlobalSection(SolutionConfigurationPlatforms) = preSolution
		Debug|x64 = Debug|x64
		Release|x64 = Release|x64
		MinSizeRel|x64 = MinSizeRel|x64
		RelWithDebInfo|x64 = RelWithDebInfo|x64
	EndGlobalSection
	GlobalSection(ProjectConfigurationPlatforms) = postSolution
		{1CC12A43-6347-3CCD-9AE0-049406A2A79A}.Debug|x64.ActiveCfg = Debug|x64
		{1CC12A43-6347-3CCD-9AE0-049406A2A79A}.Debug|x64.Build.0 = Debug|x64
		{1CC12A43-6347-3CCD-9AE0-049406A2A79A}.Release|x64.ActiveCfg = Release|x64
		{1CC12A43-6347-3CCD-9AE0-049406A2A79A}.Release|x64.Build.0 = Release|x64
		{1CC12A43-6347-3CCD-9AE0-049406A2A79A}.MinSizeRel|x64.ActiveCfg = MinSizeRel|x64
		{1CC12A43-6347-3CCD-9AE0-049406A2A79A}.MinSizeRel|x64.Build.0 = MinSizeRel|x64
		{1CC12A43-6347-3CCD-9AE0-049406A2A79A}.RelWithDebInfo|x64.ActiveCfg = RelWithDebInfo|x64
		{1CC12A43-6347-3CCD-9AE0-049406A2A79A}.RelWithDebInfo|x64.Build.0 = RelWithDebInfo|x64
		{D6C92D4D-68A0-381A-80EF-0EB7BF2CEA8F}.Debug|x64.ActiveCfg = Debug|x64
		{D6C92D4D-68A0-381A-80EF-0EB7BF2CEA8F}.Debug|x64.Build.0 = Debug|x64
		{D6C92D4D-68A0-381A-80EF-0EB7BF2CEA8F}.Release|x64.ActiveCfg = Release|x64
		{D6C92D4D-68A0-381A-80EF-0EB7BF2CEA8F}.Release|x64.Build.0 = Release|x64
		{D6C92D4D-68A0-381A-80EF-0EB7BF2CEA8F}.MinSizeRel|x64.ActiveCfg = MinSizeRel|x64
		{D6C92D4D-68A0-381A-80EF-0EB7BF2CEA8F}.MinSizeRel|x64.Build.0 = MinSizeRel|x64
		{D6C92D4D-68A0-381A-80EF-0EB7BF2CEA8F}.RelWithDebInfo|x64.ActiveCfg = RelWithDebInfo|x64
		{D6C92D4D-68A0-381A-80EF-0EB7BF2CEA8F}.RelWithDebInfo|x64.Build.0 = RelWithDebInfo|x64
		{584BE4B0-6E13-3172-A064-7CACF975832A}.Debug|x64.ActiveCfg = Debug|x64
		{584BE4B0-6E13-3172-A064-7CACF975832A}.Release|x64.ActiveCfg = Release|x64
		{584BE4B0-6E13-3172-A064-7CACF975832A}.MinSizeRel|x64.ActiveCfg = MinSizeRel|x64
		{584BE4B0-6E13-3172-A064-7CACF975832A}.RelWithDebInfo|x64.ActiveCfg = RelWithDebInfo|x64
		{40FD26F6-90DE-378B-B273-963E26F0171E}.Debug|x64.ActiveCfg = Debug|x64
		{40FD26F6-90DE-378B-B273-963E26F0171E}.Debug|x64.Build.0 = Debug|x64
		{40FD26F6-90DE-378B-B273-963E26F0171E}.Release|x64.ActiveCfg = Release|x64
		{40FD26F6-90DE-378B-B273-963E26F0171E}.Release|x64.Build.0 = Release|x64
		{40FD26F6-90DE-378B-B273-963E26F0171E}.MinSizeRel|x64.ActiveCfg = MinSizeRel|x64
		{40FD26F6-90DE-378B-B273-963E26F0171E}.MinSizeRel|x64.Build.0 = MinSizeRel|x64
		{40FD26F6-90DE-378B-B273-963E26F0171E}.RelWithDebInfo|x64.ActiveCfg = RelWithDebInfo|x64
		{40FD26F6-90DE-378B-B273-963E26F0171E}.RelWithDebInfo|x64.Build.0 = RelWithDebInfo|x64
		{05AD9F75-CC87-3E3A-8426-AD1D281B1B24}.Debug|x64.ActiveCfg = Debug|x64
		{05AD9F75-CC87-3E3A-8426-AD1D281B1B24}.Debug|x64.Build.0 = Debug|x64
		{05AD9F75-CC87-3E3A-8426-AD1D281B1B24}.Release|x64.ActiveCfg = Release|x64
		{05AD9F75-CC87-3E3A-8426-AD1D281B1B24}.Release|x64.Build.0 = Release|x64
		{05AD9F75-CC87-3E3A-8426-AD1D281B1B24}.MinSizeRel|x64.ActiveCfg = MinSizeRel|x64
		{05AD9F75-CC87-3E3A-8426-AD1D281B1B24}.MinSizeRel|x64.Build.0 = MinSizeRel|x64
		{05AD9F75-CC87-3E3A-8426-AD1D281B1B24}.RelWithDebInfo|x64.ActiveCfg = RelWithDebInfo|x64
		{05AD9F75-CC87-3E3A-8426-AD1D281B1B24}.RelWithDebInfo|x64.Build.0 = RelWithDebInfo|x64
		{9D765180-6AFB-3878-BEF1-0035C3CDC6FB}.Debug|x64.ActiveCfg = Debug|x64
		{9D765180-6AFB-3878-BEF1-0035C3CDC6FB}.Debug|x64.Build.0 = Debug|x64
		{9D765180-6AFB-3878-BEF1-0035C3CDC6FB}.Release|x64.ActiveCfg = Release|x64
		{9D765180-6AFB-3878-BEF1-0035C3CDC6FB}.Release|x64.Build.0 = Release|x64
		{9D765180-6AFB-3878-BEF1-0035C3CDC6FB}.MinSizeRel|x64.ActiveCfg = MinSizeRel|x64
		{9D765180-6AFB-3878-BEF1-0035C3CDC6FB}.MinSizeRel|x64.Build.0 = MinSizeRel|x64
		{9D765180-6AFB-3878-BEF1-0035C3CDC6FB}.RelWithDebInfo|x64.ActiveCfg = RelWithDebInfo|x64
		{9D765180-6AFB-3878-BEF1-0035C3CDC6FB}.RelWithDebInfo|x64.Build.0 = RelWithDebInfo|x64
		{0E728D19-A435-3B31-BB99-7976F86B5332}.Debug|x64.ActiveCfg = Debug|x64
		{0E728D19-A435-3B31-BB99-7976F86B5332}.Debug|x64.Build.0 = Debug|x64
		{0E728D19-A435-3B31-BB99-7976F86B5332}.Release|x64.ActiveCfg = Release|x64
		{0E728D19-A435-3B31-BB99-7976F86B5332}.Release|x64.Build.0 = Release|x64
		{0E728D19-A435-3B31-BB99-7976F86B5332}.MinSizeRel|x64.ActiveCfg = MinSizeRel|x64
		{0E728D19-A435-3B31-BB99-7976F86B5332}.MinSizeRel|x64.Build.0 = MinSizeRel|x64
		{0E728D19-A435-3B31-BB99-7976F86B5332}.RelWithDebInfo|x64.ActiveCfg = RelWithDebInfo|x64
		{0E728D19-A435-3B31-BB99-7976F86B5332}.RelWithDebInfo|x64.Build.0 = RelWithDebInfo|x64
		{2EB0B4AE-174F-37B0-AF48-B63E70775D3A}.Debug|x64.ActiveCfg = Debug|x64
		{2EB0B4AE-174F-37B0-AF48-B63E70775D3A}.Debug|x64.Build.0 = Debug|x64
		{2EB0B4AE-174F-37B0-AF48-B63E70775D3A}.Release|x64.ActiveCfg = Release|x64
		{2EB0B4AE-174F-37B0-AF48-B63E70775D3A}.Release|x64.Build.0 = Release|x64
		{2EB0B4AE-174F-37B0-AF48-B63E70775D3A}.MinSizeRel|x64.ActiveCfg = MinSizeRel|x64
		{2EB0B4AE-174F-37B0-AF48-B63E70775D3A}.MinSizeRel|x64.Build.0 = MinSizeRel|x64
		{2EB0B4AE-174F-37B0-AF48-B63E70775D3A}.RelWithDebInfo|x64.ActiveCfg = RelWithDebInfo|x64
		{2EB0B4AE-174F-37B0-AF48-B63E70775D3A}.RelWithDebInfo|x64.Build.0 = RelWithDebInfo|x64
		{70728745-EB76-3E77-9656-6BA74CFC8441}.Debug|x64.ActiveCfg = Debug|x64
		{70728745-EB76-3E77-9656-6BA74CFC8441}.Debug|x64.Build.0 = Debug|x64
		{70728745-EB76-3E77-9656-6BA74CFC8441}.Release|x64.ActiveCfg = Release|x64
		{70728745-EB76-3E77-9656-6BA74CFC8441}.Release|x64.Build.0 = Release|x64
		{70728745-EB76-3E77-9656-6BA74CFC8441}.MinSizeRel|x64.ActiveCfg = MinSizeRel|x64
		{70728745-EB76-3E77-9656-6BA74CFC8441}.MinSizeRel|x64.Build.0 = MinSizeRel|x64
		{70728745-EB76-3E77-9656-6BA74CFC8441}.RelWithDebInfo|x64.ActiveCfg = RelWithDebInfo|x64
		{70728745-EB76-3E77-9656-6BA74CFC8441}.RelWithDebInfo|x64.Build.0 = RelWithDebInfo|x64
		{39117C98-7C9A-31F2-8985-133EEF092A88}.Debug|x64.ActiveCfg = Debug|x64
		{39117C98-7C9A-31F2-8985-133EEF092A88}.Debug|x64.Build.0 = Debug|x64
		{39117C98-7C9A-31F2-8985-133EEF092A88}.Release|x64.ActiveCfg = Release|x64
		{39117C98-7C9A-31F2-8985-133EEF092A88}.Release|x64.Build.0 = Release|x64
		{39117C98-7C9A-31F2-8985-133EEF092A88}.MinSizeRel|x64.ActiveCfg = MinSizeRel|x64
		{39117C98-7C9A-31F2-8985-133EEF092A88}.MinSizeRel|x64.Build.0 = MinSizeRel|x64
		{39117C98-7C9A-31F2-8985-133EEF092A88}.RelWithDebInfo|x64.ActiveCfg = RelWithDebInfo|x64
		{39117C98-7C9A-31F2-8985-133EEF092A88}.RelWithDebInfo|x64.Build.0 = RelWithDebInfo|x64
		{60C4B3C1-A3ED-30B8-84CC-262C5C5AA4B1}.Debug|x64.ActiveCfg = Debug|x64
		{60C4B3C1-A3ED-30B8-84CC-262C5C5AA4B1}.Debug|x64.Build.0 = Debug|x64
		{60C4B3C1-A3ED-30B8-84CC-262C5C5AA4B1}.Release|x64.ActiveCfg = Release|x64
		{60C4B3C1-A3ED-30B8-84CC-262C5C5AA4B1}.Release|x64.Build.0 = Release|x64
		{60C4B3C1-A3ED-30B8-84CC-262C5C5AA4B1}.MinSizeRel|x64.ActiveCfg = MinSizeRel|x64
		{60C4B3C1-A3ED-30B8-84CC-262C5C5AA4B1}.MinSizeRel|x64.Build.0 = MinSizeRel|x64
		{60C4B3C1-A3ED-30B8-84CC-262C5C5AA4B1}.RelWithDebInfo|x64.ActiveCfg = RelWithDebInfo|x64
		{60C4B3C1-A3ED-30B8-84CC-262C5C5AA4B1}.RelWithDebInfo|x64.Build.0 = RelWithDebInfo|x64
		{4F71BA5F-307D-3297-B3A5-2FF348386BBD}.Debug|x64.ActiveCfg = Debug|x64
		{4F71BA5F-307D-3297-B3A5-2FF348386BBD}.Debug|x64.Build.0 = Debug|x64
		{4F71BA5F-307D-3297-B3A5-2FF348386BBD}.Release|x64.ActiveCfg = Release|x64
		{4F71BA5F-307D-3297-B3A5-2FF348386BBD}.Release|x64.Build.0 = Release|x64
		{4F71BA5F-307D-3297-B3A5-2FF348386BBD}.MinSizeRel|x64.ActiveCfg = MinSizeRel|x64
		{4F71BA5F-307D-3297-B3A5-2FF348386BBD}.MinSizeRel|x64.Build.0 = MinSizeRel|x64
		{4F71BA5F-307D-3297-B3A5-2FF348386BBD}.RelWithDebInfo|x64.ActiveCfg = RelWithDebInfo|x64
		{4F71BA5F-307D-3297-B3A5-2FF348386BBD}.RelWithDebInfo|x64.Build.0 = RelWithDebInfo|x64
		{ECD1D86B-D8B6-31BE-9513-AA7BDE4764B4}.Debug|x64.ActiveCfg = Debug|x64
		{ECD1D86B-D8B6-31BE-9513-AA7BDE4764B4}.Debug|x64.Build.0 = Debug|x64
		{ECD1D86B-D8B6-31BE-9513-AA7BDE4764B4}.Release|x64.ActiveCfg = Release|x64
		{ECD1D86B-D8B6-31BE-9513-AA7BDE4764B4}.Release|x64.Build.0 = Release|x64
		{ECD1D86B-D8B6-31BE-9513-AA7BDE4764B4}.MinSizeRel|x64.ActiveCfg = MinSizeRel|x64
		{ECD1D86B-D8B6-31BE-9513-AA7BDE4764B4}.MinSizeRel|x64.Build.0 = MinSizeRel|x64
		{ECD1D86B-D8B6-31BE-9513-AA7BDE4764B4}.RelWithDebInfo|x64.ActiveCfg = RelWithDebInfo|x64
		{ECD1D86B-D8B6-31BE-9513-AA7BDE4764B4}.RelWithDebInfo|x64.Build.0 = RelWithDebInfo|x64
		{5E4DB7DD-5E61-3348-81FD-CC6F44D096C7}.Debug|x64.ActiveCfg = Debug|x64
		{5E4DB7DD-5E61-3348-81FD-CC6F44D096C7}.Debug|x64.Build.0 = Debug|x64
		{5E4DB7DD-5E61-3348-81FD-CC6F44D096C7}.Release|x64.ActiveCfg = Release|x64
		{5E4DB7DD-5E61-3348-81FD-CC6F44D096C7}.Release|x64.Build.0 = Release|x64
		{5E4DB7DD-5E61-3348-81FD-CC6F44D096C7}.MinSizeRel|x64.ActiveCfg = MinSizeRel|x64
		{5E4DB7DD-5E61-3348-81FD-CC6F44D096C7}.MinSizeRel|x64.Build.0 = MinSizeRel|x64
		{5E4DB7DD-5E61-3348-81FD-CC6F44D096C7}.RelWithDebInfo|x64.ActiveCfg = RelWithDebInfo|x64
		{5E4DB7DD-5E61-3348-81FD-CC6F44D096C7}.RelWithDebInfo|x64.Build.0 = RelWithDebInfo|x64
		{51096BEC-31F1-3D95-AF58-B99126931DB0}.Debug|x64.ActiveCfg = Debug|x64
		{51096BEC-31F1-3D95-AF58-B99126931DB0}.Debug|x64.Build.0 = Debug|x64
		{51096BEC-31F1-3D95-AF58-B99126931DB0}.Release|x64.ActiveCfg = Release|x64
		{51096BEC-31F1-3D95-AF58-B99126931DB0}.Release|x64.Build.0 = Release|x64
		{51096BEC-31F1-3D95-AF58-B99126931DB0}.MinSizeRel|x64.ActiveCfg = MinSizeRel|x64
		{51096BEC-31F1-3D95-AF58-B99126931DB0}.MinSizeRel|x64.Build.0 = MinSizeRel|x64
		{51096BEC-31F1-3D95-AF58-B99126931DB0}.RelWithDebInfo|x64.ActiveCfg = RelWithDebInfo|x64
		{51096BEC-31F1-3D95-AF58-B99126931DB0}.RelWithDebInfo|x64.Build.0 = RelWithDebInfo|x64
		{E69B6904-20FB-3641-942D-90B8FF1599CC}.Debug|x64.ActiveCfg = Debug|x64
		{E69B6904-20FB-3641-942D-90B8FF1599CC}.Debug|x64.Build.0 = Debug|x64
		{E69B6904-20FB-3641-942D-90B8FF1599CC}.Release|x64.ActiveCfg = Release|x64
		{E69B6904-20FB-3641-942D-90B8FF1599CC}.Release|x64.Build.0 = Release|x64
		{E69B6904-20FB-3641-942D-90B8FF1599CC}.MinSizeRel|x64.ActiveCfg = MinSizeRel|x64
		{E69B6904-20FB-3641-942D-90B8FF1599CC}.MinSizeRel|x64.Build.0 = MinSizeRel|x64
		{E69B6904-20FB-3641-942D-90B8FF1599CC}.RelWithDebInfo|x64.ActiveCfg = RelWithDebInfo|x64
		{E69B6904-20FB-3641-942D-90B8FF1599CC}.RelWithDebInfo|x64.Build.0 = RelWithDebInfo|x64
		{CA9CE272-5560-378E-BA8A-943988A4DC72}.Debug|x64.ActiveCfg = Debug|x64
		{CA9CE272-5560-378E-BA8A-943988A4DC72}.Debug|x64.Build.0 = Debug|x64
		{CA9CE272-5560-378E-BA8A-943988A4DC72}.Release|x64.ActiveCfg = Release|x64
		{CA9CE272-5560-378E-BA8A-943988A4DC72}.Release|x64.Build.0 = Release|x64
		{CA9CE272-5560-378E-BA8A-943988A4DC72}.MinSizeRel|x64.ActiveCfg = MinSizeRel|x64
		{CA9CE272-5560-378E-BA8A-943988A4DC72}.MinSizeRel|x64.Build.0 = MinSizeRel|x64
		{CA9CE272-5560-378E-BA8A-943988A4DC72}.RelWithDebInfo|x64.ActiveCfg = RelWithDebInfo|x64
		{CA9CE272-5560-378E-BA8A-943988A4DC72}.RelWithDebInfo|x64.Build.0 = RelWithDebInfo|x64
		{CEE249B0-FED8-3EE1-B5D5-BC60548F74B7}.Debug|x64.ActiveCfg = Debug|x64
		{CEE249B0-FED8-3EE1-B5D5-BC60548F74B7}.Debug|x64.Build.0 = Debug|x64
		{CEE249B0-FED8-3EE1-B5D5-BC60548F74B7}.Release|x64.ActiveCfg = Release|x64
		{CEE249B0-FED8-3EE1-B5D5-BC60548F74B7}.Release|x64.Build.0 = Release|x64
		{CEE249B0-FED8-3EE1-B5D5-BC60548F74B7}.MinSizeRel|x64.ActiveCfg = MinSizeRel|x64
		{CEE249B0-FED8-3EE1-B5D5-BC60548F74B7}.MinSizeRel|x64.Build.0 = MinSizeRel|x64
		{CEE249B0-FED8-3EE1-B5D5-BC60548F74B7}.RelWithDebInfo|x64.ActiveCfg = RelWithDebInfo|x64
		{CEE249B0-FED8-3EE1-B5D5-BC60548F74B7}.RelWithDebInfo|x64.Build.0 = RelWithDebInfo|x64
		{52F290DA-859D-3390-8C75-313A8BC64C1E}.Debug|x64.ActiveCfg = Debug|x64
		{52F290DA-859D-3390-8C75-313A8BC64C1E}.Debug|x64.Build.0 = Debug|x64
		{52F290DA-859D-3390-8C75-313A8BC64C1E}.Release|x64.ActiveCfg = Release|x64
		{52F290DA-859D-3390-8C75-313A8BC64C1E}.Release|x64.Build.0 = Release|x64
		{52F290DA-859D-3390-8C75-313A8BC64C1E}.MinSizeRel|x64.ActiveCfg = MinSizeRel|x64
		{52F290DA-859D-3390-8C75-313A8BC64C1E}.MinSizeRel|x64.Build.0 = MinSizeRel|x64
		{52F290DA-859D-3390-8C75-313A8BC64C1E}.RelWithDebInfo|x64.ActiveCfg = RelWithDebInfo|x64
		{52F290DA-859D-3390-8C75-313A8BC64C1E}.RelWithDebInfo|x64.Build.0 = RelWithDebInfo|x64
		{4E6A2A7F-B827-3DE6-8727-ECEB2D218C3B}.Debug|x64.ActiveCfg = Debug|x64
		{4E6A2A7F-B827-3DE6-8727-ECEB2D218C3B}.Debug|x64.Build.0 = Debug|x64
		{4E6A2A7F-B827-3DE6-8727-ECEB2D218C3B}.Release|x64.ActiveCfg = Release|x64
		{4E6A2A7F-B827-3DE6-8727-ECEB2D218C3B}.Release|x64.Build.0 = Release|x64
		{4E6A2A7F-B827-3DE6-8727-ECEB2D218C3B}.MinSizeRel|x64.ActiveCfg = MinSizeRel|x64
		{4E6A2A7F-B827-3DE6-8727-ECEB2D218C3B}.MinSizeRel|x64.Build.0 = MinSizeRel|x64
		{4E6A2A7F-B827-3DE6-8727-ECEB2D218C3B}.RelWithDebInfo|x64.ActiveCfg = RelWithDebInfo|x64
		{4E6A2A7F-B827-3DE6-8727-ECEB2D218C3B}.RelWithDebInfo|x64.Build.0 = RelWithDebInfo|x64
		{0990891E-0882-3D95-B294-4197541795FF}.Debug|x64.ActiveCfg = Debug|x64
		{0990891E-0882-3D95-B294-4197541795FF}.Debug|x64.Build.0 = Debug|x64
		{0990891E-0882-3D95-B294-4197541795FF}.Release|x64.ActiveCfg = Release|x64
		{0990891E-0882-3D95-B294-4197541795FF}.Release|x64.Build.0 = Release|x64
		{0990891E-0882-3D95-B294-4197541795FF}.MinSizeRel|x64.ActiveCfg = MinSizeRel|x64
		{0990891E-0882-3D95-B294-4197541795FF}.MinSizeRel|x64.Build.0 = MinSizeRel|x64
		{0990891E-0882-3D95-B294-4197541795FF}.RelWithDebInfo|x64.ActiveCfg = RelWithDebInfo|x64
		{0990891E-0882-3D95-B294-4197541795FF}.RelWithDebInfo|x64.Build.0 = RelWithDebInfo|x64
		{E1732C8F-DFD7-30EE-88A4-4102ED4296BA}.Debug|x64.ActiveCfg = Debug|x64
		{E1732C8F-DFD7-30EE-88A4-4102ED4296BA}.Debug|x64.Build.0 = Debug|x64
		{E1732C8F-DFD7-30EE-88A4-4102ED4296BA}.Release|x64.ActiveCfg = Release|x64
		{E1732C8F-DFD7-30EE-88A4-4102ED4296BA}.Release|x64.Build.0 = Release|x64
		{E1732C8F-DFD7-30EE-88A4-4102ED4296BA}.MinSizeRel|x64.ActiveCfg = MinSizeRel|x64
		{E1732C8F-DFD7-30EE-88A4-4102ED4296BA}.MinSizeRel|x64.Build.0 = MinSizeRel|x64
		{E1732C8F-DFD7-30EE-88A4-4102ED4296BA}.RelWithDebInfo|x64.ActiveCfg = RelWithDebInfo|x64
		{E1732C8F-DFD7-30EE-88A4-4102ED4296BA}.RelWithDebInfo|x64.Build.0 = RelWithDebInfo|x64
		{ED3859F6-0834-3D13-93A0-AFA0761E9488}.Debug|x64.ActiveCfg = Debug|x64
		{ED3859F6-0834-3D13-93A0-AFA0761E9488}.Debug|x64.Build.0 = Debug|x64
		{ED3859F6-0834-3D13-93A0-AFA0761E9488}.Release|x64.ActiveCfg = Release|x64
		{ED3859F6-0834-3D13-93A0-AFA0761E9488}.Release|x64.Build.0 = Release|x64
		{ED3859F6-0834-3D13-93A0-AFA0761E9488}.MinSizeRel|x64.ActiveCfg = MinSizeRel|x64
		{ED3859F6-0834-3D13-93A0-AFA0761E9488}.MinSizeRel|x64.Build.0 = MinSizeRel|x64
		{ED3859F6-0834-3D13-93A0-AFA0761E9488}.RelWithDebInfo|x64.ActiveCfg = RelWithDebInfo|x64
		{ED3859F6-0834-3D13-93A0-AFA0761E9488}.RelWithDebInfo|x64.Build.0 = RelWithDebInfo|x64
		{06E17C7B-4DF2-304B-991E-A2AE42F2D995}.Debug|x64.ActiveCfg = Debug|x64
		{06E17C7B-4DF2-304B-991E-A2AE42F2D995}.Debug|x64.Build.0 = Debug|x64
		{06E17C7B-4DF2-304B-991E-A2AE42F2D995}.Release|x64.ActiveCfg = Release|x64
		{06E17C7B-4DF2-304B-991E-A2AE42F2D995}.Release|x64.Build.0 = Release|x64
		{06E17C7B-4DF2-304B-991E-A2AE42F2D995}.MinSizeRel|x64.ActiveCfg = MinSizeRel|x64
		{06E17C7B-4DF2-304B-991E-A2AE42F2D995}.MinSizeRel|x64.Build.0 = MinSizeRel|x64
		{06E17C7B-4DF2-304B-991E-A2AE42F2D995}.RelWithDebInfo|x64.ActiveCfg = RelWithDebInfo|x64
		{06E17C7B-4DF2-304B-991E-A2AE42F2D995}.RelWithDebInfo|x64.Build.0 = RelWithDebInfo|x64
		{EF0AC760-E9B3-319D-ABA5-35398C36A0B8}.Debug|x64.ActiveCfg = Debug|x64
		{EF0AC760-E9B3-319D-ABA5-35398C36A0B8}.Debug|x64.Build.0 = Debug|x64
		{EF0AC760-E9B3-319D-ABA5-35398C36A0B8}.Release|x64.ActiveCfg = Release|x64
		{EF0AC760-E9B3-319D-ABA5-35398C36A0B8}.Release|x64.Build.0 = Release|x64
		{EF0AC760-E9B3-319D-ABA5-35398C36A0B8}.MinSizeRel|x64.ActiveCfg = MinSizeRel|x64
		{EF0AC760-E9B3-319D-ABA5-35398C36A0B8}.MinSizeRel|x64.Build.0 = MinSizeRel|x64
		{EF0AC760-E9B3-319D-ABA5-35398C36A0B8}.RelWithDebInfo|x64.ActiveCfg = RelWithDebInfo|x64
		{EF0AC760-E9B3-319D-ABA5-35398C36A0B8}.RelWithDebInfo|x64.Build.0 = RelWithDebInfo|x64
		{7BE8D456-E9AB-3EF1-AB3D-CF1ED588E8E2}.Debug|x64.ActiveCfg = Debug|x64
		{7BE8D456-E9AB-3EF1-AB3D-CF1ED588E8E2}.Debug|x64.Build.0 = Debug|x64
		{7BE8D456-E9AB-3EF1-AB3D-CF1ED588E8E2}.Release|x64.ActiveCfg = Release|x64
		{7BE8D456-E9AB-3EF1-AB3D-CF1ED588E8E2}.Release|x64.Build.0 = Release|x64
		{7BE8D456-E9AB-3EF1-AB3D-CF1ED588E8E2}.MinSizeRel|x64.ActiveCfg = MinSizeRel|x64
		{7BE8D456-E9AB-3EF1-AB3D-CF1ED588E8E2}.MinSizeRel|x64.Build.0 = MinSizeRel|x64
		{7BE8D456-E9AB-3EF1-AB3D-CF1ED588E8E2}.RelWithDebInfo|x64.ActiveCfg = RelWithDebInfo|x64
		{7BE8D456-E9AB-3EF1-AB3D-CF1ED588E8E2}.RelWithDebInfo|x64.Build.0 = RelWithDebInfo|x64
		{318FCCC8-031A-3743-B692-C60D64C96993}.Debug|x64.ActiveCfg = Debug|x64
		{318FCCC8-031A-3743-B692-C60D64C96993}.Debug|x64.Build.0 = Debug|x64
		{318FCCC8-031A-3743-B692-C60D64C96993}.Release|x64.ActiveCfg = Release|x64
		{318FCCC8-031A-3743-B692-C60D64C96993}.Release|x64.Build.0 = Release|x64
		{318FCCC8-031A-3743-B692-C60D64C96993}.MinSizeRel|x64.ActiveCfg = MinSizeRel|x64
		{318FCCC8-031A-3743-B692-C60D64C96993}.MinSizeRel|x64.Build.0 = MinSizeRel|x64
		{318FCCC8-031A-3743-B692-C60D64C96993}.RelWithDebInfo|x64.ActiveCfg = RelWithDebInfo|x64
		{318FCCC8-031A-3743-B692-C60D64C96993}.RelWithDebInfo|x64.Build.0 = RelWithDebInfo|x64
		{492E4091-5D62-34C5-8C97-CFF60CA0DC2C}.Debug|x64.ActiveCfg = Debug|x64
		{492E4091-5D62-34C5-8C97-CFF60CA0DC2C}.Release|x64.ActiveCfg = Release|x64
		{492E4091-5D62-34C5-8C97-CFF60CA0DC2C}.MinSizeRel|x64.ActiveCfg = MinSizeRel|x64
		{492E4091-5D62-34C5-8C97-CFF60CA0DC2C}.RelWithDebInfo|x64.ActiveCfg = RelWithDebInfo|x64
		{F61F8540-8634-3C75-A0D2-90EB6D1DAAF6}.Debug|x64.ActiveCfg = Debug|x64
		{F61F8540-8634-3C75-A0D2-90EB6D1DAAF6}.Debug|x64.Build.0 = Debug|x64
		{F61F8540-8634-3C75-A0D2-90EB6D1DAAF6}.Release|x64.ActiveCfg = Release|x64
		{F61F8540-8634-3C75-A0D2-90EB6D1DAAF6}.Release|x64.Build.0 = Release|x64
		{F61F8540-8634-3C75-A0D2-90EB6D1DAAF6}.MinSizeRel|x64.ActiveCfg = MinSizeRel|x64
		{F61F8540-8634-3C75-A0D2-90EB6D1DAAF6}.MinSizeRel|x64.Build.0 = MinSizeRel|x64
		{F61F8540-8634-3C75-A0D2-90EB6D1DAAF6}.RelWithDebInfo|x64.ActiveCfg = RelWithDebInfo|x64
		{F61F8540-8634-3C75-A0D2-90EB6D1DAAF6}.RelWithDebInfo|x64.Build.0 = RelWithDebInfo|x64
		{6EBD2886-385B-3305-8E30-D211FD461296}.Debug|x64.ActiveCfg = Debug|x64
		{6EBD2886-385B-3305-8E30-D211FD461296}.Debug|x64.Build.0 = Debug|x64
		{6EBD2886-385B-3305-8E30-D211FD461296}.Release|x64.ActiveCfg = Release|x64
		{6EBD2886-385B-3305-8E30-D211FD461296}.Release|x64.Build.0 = Release|x64
		{6EBD2886-385B-3305-8E30-D211FD461296}.MinSizeRel|x64.ActiveCfg = MinSizeRel|x64
		{6EBD2886-385B-3305-8E30-D211FD461296}.MinSizeRel|x64.Build.0 = MinSizeRel|x64
		{6EBD2886-385B-3305-8E30-D211FD461296}.RelWithDebInfo|x64.ActiveCfg = RelWithDebInfo|x64
		{6EBD2886-385B-3305-8E30-D211FD461296}.RelWithDebInfo|x64.Build.0 = RelWithDebInfo|x64
	EndGlobalSection
	GlobalSection(NestedProjects) = preSolution
		{1CC12A43-6347-3CCD-9AE0-049406A2A79A} = {E5CE672C-C457-38A5-9C98-148DE540C87C}
		{584BE4B0-6E13-3172-A064-7CACF975832A} = {E5CE672C-C457-38A5-9C98-148DE540C87C}
		{40FD26F6-90DE-378B-B273-963E26F0171E} = {E5CE672C-C457-38A5-9C98-148DE540C87C}
		{A5EEC357-BCE5-3F86-BB2A-E7AE1D38F59F} = {8FBAB25A-FAA4-35C4-A83C-9C1C30305719}
		{BA7F7413-08B4-318F-8B68-5147C7DEA79F} = {8FBAB25A-FAA4-35C4-A83C-9C1C30305719}
		{4F71BA5F-307D-3297-B3A5-2FF348386BBD} = {8FBAB25A-FAA4-35C4-A83C-9C1C30305719}
		{05AD9F75-CC87-3E3A-8426-AD1D281B1B24} = {A5EEC357-BCE5-3F86-BB2A-E7AE1D38F59F}
		{60C4B3C1-A3ED-30B8-84CC-262C5C5AA4B1} = {A5EEC357-BCE5-3F86-BB2A-E7AE1D38F59F}
		{5E4DB7DD-5E61-3348-81FD-CC6F44D096C7} = {A5EEC357-BCE5-3F86-BB2A-E7AE1D38F59F}
		{52F290DA-859D-3390-8C75-313A8BC64C1E} = {A5EEC357-BCE5-3F86-BB2A-E7AE1D38F59F}
		{ED3859F6-0834-3D13-93A0-AFA0761E9488} = {A5EEC357-BCE5-3F86-BB2A-E7AE1D38F59F}
		{06E17C7B-4DF2-304B-991E-A2AE42F2D995} = {A5EEC357-BCE5-3F86-BB2A-E7AE1D38F59F}
		{F61F8540-8634-3C75-A0D2-90EB6D1DAAF6} = {A5EEC357-BCE5-3F86-BB2A-E7AE1D38F59F}
		{9D765180-6AFB-3878-BEF1-0035C3CDC6FB} = {BA7F7413-08B4-318F-8B68-5147C7DEA79F}
		{0E728D19-A435-3B31-BB99-7976F86B5332} = {BA7F7413-08B4-318F-8B68-5147C7DEA79F}
		{2EB0B4AE-174F-37B0-AF48-B63E70775D3A} = {BA7F7413-08B4-318F-8B68-5147C7DEA79F}
		{70728745-EB76-3E77-9656-6BA74CFC8441} = {BA7F7413-08B4-318F-8B68-5147C7DEA79F}
		{39117C98-7C9A-31F2-8985-133EEF092A88} = {BA7F7413-08B4-318F-8B68-5147C7DEA79F}
		{ECD1D86B-D8B6-31BE-9513-AA7BDE4764B4} = {BA7F7413-08B4-318F-8B68-5147C7DEA79F}
		{51096BEC-31F1-3D95-AF58-B99126931DB0} = {BA7F7413-08B4-318F-8B68-5147C7DEA79F}
		{E69B6904-20FB-3641-942D-90B8FF1599CC} = {BA7F7413-08B4-318F-8B68-5147C7DEA79F}
		{CA9CE272-5560-378E-BA8A-943988A4DC72} = {BA7F7413-08B4-318F-8B68-5147C7DEA79F}
		{CEE249B0-FED8-3EE1-B5D5-BC60548F74B7} = {BA7F7413-08B4-318F-8B68-5147C7DEA79F}
		{0990891E-0882-3D95-B294-4197541795FF} = {BA7F7413-08B4-318F-8B68-5147C7DEA79F}
		{E1732C8F-DFD7-30EE-88A4-4102ED4296BA} = {BA7F7413-08B4-318F-8B68-5147C7DEA79F}
		{EF0AC760-E9B3-319D-ABA5-35398C36A0B8} = {BA7F7413-08B4-318F-8B68-5147C7DEA79F}
		{7BE8D456-E9AB-3EF1-AB3D-CF1ED588E8E2} = {BA7F7413-08B4-318F-8B68-5147C7DEA79F}
		{318FCCC8-031A-3743-B692-C60D64C96993} = {BA7F7413-08B4-318F-8B68-5147C7DEA79F}
		{6EBD2886-385B-3305-8E30-D211FD461296} = {BA7F7413-08B4-318F-8B68-5147C7DEA79F}
	EndGlobalSection
	GlobalSection(ExtensibilityGlobals) = postSolution
		SolutionGuid = {74B2A091-5F40-3103-8653-8F5A203EFFB9}
	EndGlobalSection
	GlobalSection(ExtensibilityAddIns) = postSolution
	EndGlobalSection
EndGlobal
